# THIS IS AN AUTOGENERATED FILE. DO NOT EDIT THIS FILE DIRECTLY.
# yarn lockfile v1


"@types/concat-stream@^1.6.0":
  version "1.6.0"
  resolved "https://registry.yarnpkg.com/@types/concat-stream/-/concat-stream-1.6.0.tgz#394dbe0bb5fee46b38d896735e8b68ef2390d00d"
  dependencies:
    "@types/node" "*"

"@types/form-data@0.0.33":
  version "0.0.33"
  resolved "https://registry.yarnpkg.com/@types/form-data/-/form-data-0.0.33.tgz#c9ac85b2a5fd18435b8c85d9ecb50e6d6c893ff8"
  dependencies:
    "@types/node" "*"

"@types/node@*":
  version "13.9.3"
  resolved "https://registry.yarnpkg.com/@types/node/-/node-13.9.3.tgz#6356df2647de9eac569f9a52eda3480fa9e70b4d"

"@types/node@^10.0.3":
  version "10.17.17"
  resolved "https://registry.yarnpkg.com/@types/node/-/node-10.17.17.tgz#7a183163a9e6ff720d86502db23ba4aade5999b8"

"@types/node@^8.0.0":
  version "8.10.59"
  resolved "https://registry.yarnpkg.com/@types/node/-/node-8.10.59.tgz#9e34261f30183f9777017a13d185dfac6b899e04"

"@types/qs@^6.2.31":
  version "6.9.1"
  resolved "https://registry.yarnpkg.com/@types/qs/-/qs-6.9.1.tgz#937fab3194766256ee09fcd40b781740758617e7"

abort-controller@^3.0.0:
  version "3.0.0"
  resolved "https://registry.yarnpkg.com/abort-controller/-/abort-controller-3.0.0.tgz#eaf54d53b62bae4138e809ca225c8439a6efb392"
  dependencies:
    event-target-shim "^5.0.0"

agent-base@6:
  version "6.0.0"
  resolved "https://registry.yarnpkg.com/agent-base/-/agent-base-6.0.0.tgz#5d0101f19bbfaed39980b22ae866de153b93f09a"
  dependencies:
    debug "4"

arrify@^2.0.0:
  version "2.0.1"
  resolved "https://registry.yarnpkg.com/arrify/-/arrify-2.0.1.tgz#c9655e9331e0abcd588d2a7cad7e9956f66701fa"

asap@~2.0.6:
  version "2.0.6"
  resolved "https://registry.yarnpkg.com/asap/-/asap-2.0.6.tgz#e50347611d7e690943208bbdafebcbc2fb866d46"

asynckit@^0.4.0:
  version "0.4.0"
  resolved "https://registry.yarnpkg.com/asynckit/-/asynckit-0.4.0.tgz#c79ed97f7f34cb8f2ba1bc9790bcc366474b4b79"

base64-js@^1.3.0:
  version "1.3.1"
  resolved "https://registry.yarnpkg.com/base64-js/-/base64-js-1.3.1.tgz#58ece8cb75dd07e71ed08c736abc5fac4dbf8df1"

bignumber.js@^9.0.0:
  version "9.0.1"
  resolved "https://registry.yarnpkg.com/bignumber.js/-/bignumber.js-9.0.1.tgz#8d7ba124c882bfd8e43260c67475518d0689e4e5"
  integrity sha512-IdZR9mh6ahOBv/hYGiXyVuyCetmGJhtYkqLBpTStdhEGjegpPlUawydyaF3pbIOFynJTpllEs+NP+CS9jKFLjA==

buffer-equal-constant-time@1.0.1:
  version "1.0.1"
  resolved "https://registry.yarnpkg.com/buffer-equal-constant-time/-/buffer-equal-constant-time-1.0.1.tgz#f8e71132f7ffe6e01a5c9697a4c6f3e48d5cc819"

buffer-from@^1.0.0:
  version "1.1.1"
  resolved "https://registry.yarnpkg.com/buffer-from/-/buffer-from-1.1.1.tgz#32713bc028f75c02fdb710d7c7bcec1f2c6070ef"

call-bind@^1.0.0:
  version "1.0.2"
  resolved "https://registry.yarnpkg.com/call-bind/-/call-bind-1.0.2.tgz#b1d4e89e688119c3c9a903ad30abb2f6a919be3c"
  integrity sha512-7O+FbCihrB5WGbFYesctwmTKae6rOiIzmz1icreWJ+0aA7LJfuqhEso2T9ncpcFtzMQtzXf2QGGueWJGTYsqrA==
  dependencies:
    function-bind "^1.1.1"
    get-intrinsic "^1.0.2"

caseless@^0.12.0, caseless@~0.12.0:
  version "0.12.0"
  resolved "https://registry.yarnpkg.com/caseless/-/caseless-0.12.0.tgz#1b681c21ff84033c826543090689420d187151dc"

colors@^1.3.3:
  version "1.4.0"
  resolved "https://registry.yarnpkg.com/colors/-/colors-1.4.0.tgz#c50491479d4c1bdaed2c9ced32cf7c7dc2360f78"

combined-stream@^1.0.6:
  version "1.0.8"
  resolved "https://registry.yarnpkg.com/combined-stream/-/combined-stream-1.0.8.tgz#c3d45a8b34fd730631a110a8a2520682b31d5a7f"
  dependencies:
    delayed-stream "~1.0.0"

concat-stream@^1.6.0, concat-stream@^1.6.2:
  version "1.6.2"
  resolved "https://registry.yarnpkg.com/concat-stream/-/concat-stream-1.6.2.tgz#904bdf194cd3122fc675c77fc4ac3d4ff0fd1a34"
  dependencies:
    buffer-from "^1.0.0"
    inherits "^2.0.3"
    readable-stream "^2.2.2"
    typedarray "^0.0.6"

core-util-is@~1.0.0:
  version "1.0.2"
  resolved "https://registry.yarnpkg.com/core-util-is/-/core-util-is-1.0.2.tgz#b5fd54220aa2bc5ab57aab7140c940754503c1a7"

debug@4:
  version "4.1.1"
  resolved "https://registry.yarnpkg.com/debug/-/debug-4.1.1.tgz#3b72260255109c6b589cee050f1d516139664791"
  dependencies:
    ms "^2.1.1"

delayed-stream@~1.0.0:
  version "1.0.0"
  resolved "https://registry.yarnpkg.com/delayed-stream/-/delayed-stream-1.0.0.tgz#df3ae199acadfb7d440aaae0b29e2272b24ec619"

ecdsa-sig-formatter@1.0.11, ecdsa-sig-formatter@^1.0.11:
  version "1.0.11"
  resolved "https://registry.yarnpkg.com/ecdsa-sig-formatter/-/ecdsa-sig-formatter-1.0.11.tgz#ae0f0fa2d85045ef14a817daa3ce9acd0489e5bf"
  dependencies:
    safe-buffer "^5.0.1"

entities@^2.0.3:
  version "2.2.0"
  resolved "https://registry.yarnpkg.com/entities/-/entities-2.2.0.tgz#098dc90ebb83d8dffa089d55256b351d34c4da55"
  integrity sha512-p92if5Nz619I0w+akJrLZH0MX0Pb5DX39XOwQTtXSdQQOaYH03S1uIQp4mhOZtAXrxq4ViO67YTiLBo2638o9A==

event-target-shim@^5.0.0:
  version "5.0.1"
  resolved "https://registry.yarnpkg.com/event-target-shim/-/event-target-shim-5.0.1.tgz#5d4d3ebdf9583d63a5333ce2deb7480ab2b05789"

extend@^3.0.2:
  version "3.0.2"
  resolved "https://registry.yarnpkg.com/extend/-/extend-3.0.2.tgz#f8b1136b4071fbd8eb140aff858b1019ec2915fa"

fast-text-encoding@^1.0.0:
  version "1.0.1"
  resolved "https://registry.yarnpkg.com/fast-text-encoding/-/fast-text-encoding-1.0.1.tgz#4a428566f74fc55ebdd447555b1eb4d9cf514455"

form-data@^2.2.0:
  version "2.5.1"
  resolved "https://registry.yarnpkg.com/form-data/-/form-data-2.5.1.tgz#f2cbec57b5e59e23716e128fe44d4e5dd23895f4"
  dependencies:
    asynckit "^0.4.0"
    combined-stream "^1.0.6"
    mime-types "^2.1.12"

function-bind@^1.1.1:
  version "1.1.1"
  resolved "https://registry.yarnpkg.com/function-bind/-/function-bind-1.1.1.tgz#a56899d3ea3c9bab874bb9773b7c5ede92f4895d"
  integrity sha512-yIovAzMX49sF8Yl58fSCWJ5svSLuaibPxXQJFLmBObTuCr0Mf1KiPopGM9NiFjiYBCbfaa2Fh6breQ6ANVTI0A==

gaxios@^4.0.0:
  version "4.3.0"
  resolved "https://registry.yarnpkg.com/gaxios/-/gaxios-4.3.0.tgz#ad4814d89061f85b97ef52aed888c5dbec32f774"
  integrity sha512-pHplNbslpwCLMyII/lHPWFQbJWOX0B3R1hwBEOvzYi1GmdKZruuEHK4N9V6f7tf1EaPYyF80mui1+344p6SmLg==
  dependencies:
    abort-controller "^3.0.0"
    extend "^3.0.2"
    https-proxy-agent "^5.0.0"
    is-stream "^2.0.0"
    node-fetch "^2.3.0"

gcp-metadata@^4.2.0:
  version "4.2.1"
  resolved "https://registry.yarnpkg.com/gcp-metadata/-/gcp-metadata-4.2.1.tgz#31849fbcf9025ef34c2297c32a89a1e7e9f2cd62"
  integrity sha512-tSk+REe5iq/N+K+SK1XjZJUrFPuDqGZVzCy2vocIHIGmPlTGsa8owXMJwGkrXr73NO0AzhPW4MF2DEHz7P2AVw==
  dependencies:
    gaxios "^4.0.0"
    json-bigint "^1.0.0"

get-intrinsic@^1.0.2:
  version "1.1.3"
  resolved "https://registry.yarnpkg.com/get-intrinsic/-/get-intrinsic-1.1.3.tgz#063c84329ad93e83893c7f4f243ef63ffa351385"
  integrity sha512-QJVz1Tj7MS099PevUG5jvnt9tSkXN8K14dxQlikJuPt4uD9hHAHjLyLBiLR5zELelBdD9QNRAXZzsJx0WaDL9A==
  dependencies:
    function-bind "^1.1.1"
    has "^1.0.3"
    has-symbols "^1.0.3"

get-port@^3.1.0:
  version "3.2.0"
  resolved "https://registry.yarnpkg.com/get-port/-/get-port-3.2.0.tgz#dd7ce7de187c06c8bf353796ac71e099f0980ebc"

google-auth-library@^7.0.2:
  version "7.1.0"
  resolved "https://registry.yarnpkg.com/google-auth-library/-/google-auth-library-7.1.0.tgz#d83b6bed1d170e30649e15e9b5b17cb375e88919"
  integrity sha512-X+gbkGjnLN3HUZP2W3KBREuA603BXd80ITvL0PeS0QpyDNYz/u0pIZ7aRuGnrSuUc0grk/qxEgtVTFt1ogbP+A==
  dependencies:
    arrify "^2.0.0"
    base64-js "^1.3.0"
    ecdsa-sig-formatter "^1.0.11"
    fast-text-encoding "^1.0.0"
    gaxios "^4.0.0"
    gcp-metadata "^4.2.0"
    gtoken "^5.0.4"
    jws "^4.0.0"
    lru-cache "^6.0.0"

google-p12-pem@^3.0.3:
  version "3.0.3"
  resolved "https://registry.yarnpkg.com/google-p12-pem/-/google-p12-pem-3.0.3.tgz#673ac3a75d3903a87f05878f3c75e06fc151669e"
  integrity sha512-wS0ek4ZtFx/ACKYF3JhyGe5kzH7pgiQ7J5otlumqR9psmWMYc+U9cErKlCYVYHoUaidXHdZ2xbo34kB+S+24hA==
  dependencies:
    node-forge "^0.10.0"

googleapis-common@^5.0.2:
  version "5.0.2"
  resolved "https://registry.yarnpkg.com/googleapis-common/-/googleapis-common-5.0.2.tgz#e2c4e777050b921e90657de1f2edec4e7c64a3e0"
  integrity sha512-TL7qronKNZwE/XBvqshwzCPmZGq2gz/beXzANF7EVoO7FsQjOd7dk40DYrXkoCpvbnJHCQKWESq6NansiIPFqA==
  dependencies:
    extend "^3.0.2"
    gaxios "^4.0.0"
    google-auth-library "^7.0.2"
    qs "^6.7.0"
    url-template "^2.0.8"
    uuid "^8.0.0"

googleapis@^74.2.0:
  version "74.2.0"
  resolved "https://registry.yarnpkg.com/googleapis/-/googleapis-74.2.0.tgz#e3f44093594b56a13f6899e27fb842a7a6687a2a"
  integrity sha512-AF8RwmTbz8GGIza9LViokOUAsrEkB6gKwvIGXbgWEWzZO1+DRsbKSstHotDgUA4zdXhVtGkOW7uqNs/wz4rYNA==
  dependencies:
    google-auth-library "^7.0.2"
    googleapis-common "^5.0.2"

gtoken@^5.0.4:
  version "5.2.1"
  resolved "https://registry.yarnpkg.com/gtoken/-/gtoken-5.2.1.tgz#4dae1fea17270f457954b4a45234bba5fc796d16"
  integrity sha512-OY0BfPKe3QnMsY9MzTHTSKn+Vl2l1CcLe6BwDEQj00mbbkl5nyQ/7EUREstg4fQNZ8iYE7br4JJ7TdKeDOPWmw==
  dependencies:
    gaxios "^4.0.0"
    google-p12-pem "^3.0.3"
    jws "^4.0.0"

has-symbols@^1.0.3:
  version "1.0.3"
  resolved "https://registry.yarnpkg.com/has-symbols/-/has-symbols-1.0.3.tgz#bb7b2c4349251dce87b125f7bdf874aa7c8b39f8"
  integrity sha512-l3LCuF6MgDNwTDKkdYGEihYjt5pRPbEg46rtlmnSPlUbgmB8LOIrKJbYYFBSbnPaJexMKtiPO8hmeRjRz2Td+A==

has@^1.0.3:
  version "1.0.3"
  resolved "https://registry.yarnpkg.com/has/-/has-1.0.3.tgz#722d7cbfc1f6aa8241f16dd814e011e1f41e8796"
  integrity sha512-f2dvO0VU6Oej7RkWJGrehjbzMAjFp5/VKPp5tTpWIV4JHHZK1/BxbFRtf/siA2SWTe09caDmVtYYzWEIbBS4zw==
  dependencies:
    function-bind "^1.1.1"

http-basic@^8.1.1:
  version "8.1.3"
  resolved "https://registry.yarnpkg.com/http-basic/-/http-basic-8.1.3.tgz#a7cabee7526869b9b710136970805b1004261bbf"
  dependencies:
    caseless "^0.12.0"
    concat-stream "^1.6.2"
    http-response-object "^3.0.1"
    parse-cache-control "^1.0.1"

http-response-object@^3.0.1:
  version "3.0.2"
  resolved "https://registry.yarnpkg.com/http-response-object/-/http-response-object-3.0.2.tgz#7f435bb210454e4360d074ef1f989d5ea8aa9810"
  dependencies:
    "@types/node" "^10.0.3"

https-proxy-agent@^5.0.0:
  version "5.0.0"
  resolved "https://registry.yarnpkg.com/https-proxy-agent/-/https-proxy-agent-5.0.0.tgz#e2a90542abb68a762e0a0850f6c9edadfd8506b2"
  dependencies:
    agent-base "6"
    debug "4"

inherits@^2.0.3, inherits@~2.0.3:
  version "2.0.4"
  resolved "https://registry.yarnpkg.com/inherits/-/inherits-2.0.4.tgz#0fa2c64f932917c3433a0ded55363aae37416b7c"

is-stream@^2.0.0:
  version "2.0.0"
  resolved "https://registry.yarnpkg.com/is-stream/-/is-stream-2.0.0.tgz#bde9c32680d6fae04129d6ac9d921ce7815f78e3"

isarray@~1.0.0:
  version "1.0.0"
  resolved "https://registry.yarnpkg.com/isarray/-/isarray-1.0.0.tgz#bb935d48582cba168c06834957a54a3e07124f11"

json-bigint@^1.0.0:
  version "1.0.0"
  resolved "https://registry.yarnpkg.com/json-bigint/-/json-bigint-1.0.0.tgz#ae547823ac0cad8398667f8cd9ef4730f5b01ff1"
  integrity sha512-SiPv/8VpZuWbvLSMtTDU8hEfrZWg/mH/nV/b4o0CYbSxu1UIQPLdwKOCIyLQX+VIPO5vrLX3i8qtqFyhdPSUSQ==
  dependencies:
    bignumber.js "^9.0.0"

jsonschema@^1.4.0:
  version "1.4.0"
  resolved "https://registry.yarnpkg.com/jsonschema/-/jsonschema-1.4.0.tgz#1afa34c4bc22190d8e42271ec17ac8b3404f87b2"
  integrity sha512-/YgW6pRMr6M7C+4o8kS+B/2myEpHCrxO4PEWnqJNBFMjn7EWXqlQ4tGwL6xTHeRplwuZmcAncdvfOad1nT2yMw==

jwa@^2.0.0:
  version "2.0.0"
  resolved "https://registry.yarnpkg.com/jwa/-/jwa-2.0.0.tgz#a7e9c3f29dae94027ebcaf49975c9345593410fc"
  dependencies:
    buffer-equal-constant-time "1.0.1"
    ecdsa-sig-formatter "1.0.11"
    safe-buffer "^5.0.1"

jws@^4.0.0:
  version "4.0.0"
  resolved "https://registry.yarnpkg.com/jws/-/jws-4.0.0.tgz#2d4e8cf6a318ffaa12615e9dec7e86e6c97310f4"
  dependencies:
    jwa "^2.0.0"
    safe-buffer "^5.0.1"

lru-cache@^6.0.0:
  version "6.0.0"
  resolved "https://registry.yarnpkg.com/lru-cache/-/lru-cache-6.0.0.tgz#6d6fe6570ebd96aaf90fcad1dafa3b2566db3a94"
  integrity sha512-Jo6dJ04CmSjuznwJSS3pUeWmd/H0ffTlkXXgwZi+eq1UCmqQwCh+eLsYOYCwY991i2Fah4h1BEMCx4qThGbsiA==
  dependencies:
    yallist "^4.0.0"

mime-db@1.43.0:
  version "1.43.0"
  resolved "https://registry.yarnpkg.com/mime-db/-/mime-db-1.43.0.tgz#0a12e0502650e473d735535050e7c8f4eb4fae58"

mime-types@^2.1.12:
  version "2.1.26"
  resolved "https://registry.yarnpkg.com/mime-types/-/mime-types-2.1.26.tgz#9c921fc09b7e149a65dfdc0da4d20997200b0a06"
  dependencies:
    mime-db "1.43.0"

moment@^2.29.1:
  version "2.29.1"
  resolved "https://registry.yarnpkg.com/moment/-/moment-2.29.1.tgz#b2be769fa31940be9eeea6469c075e35006fa3d3"
  integrity sha512-kHmoybcPV8Sqy59DwNDY3Jefr64lK/by/da0ViFcuA4DH0vQg5Q6Ze5VimxkfQNSC+Mls/Kx53s7TjP1RhFEDQ==

ms@^2.1.1:
  version "2.1.2"
  resolved "https://registry.yarnpkg.com/ms/-/ms-2.1.2.tgz#d09d1f357b443f493382a8eb3ccd183872ae6009"

node-fetch@^2.3.0:
  version "2.6.0"
  resolved "https://registry.yarnpkg.com/node-fetch/-/node-fetch-2.6.0.tgz#e633456386d4aa55863f676a7ab0daa8fdecb0fd"

node-forge@^0.10.0:
  version "0.10.0"
  resolved "https://registry.yarnpkg.com/node-forge/-/node-forge-0.10.0.tgz#32dea2afb3e9926f02ee5ce8794902691a676bf3"
  integrity sha512-PPmu8eEeG9saEUvI97fm4OYxXVB6bFvyNTyiUOBichBpFG8A1Ljw3bY62+5oOjDEMHRnd0Y7HQ+x7uzxOzC6JA==

object-inspect@^1.9.0:
  version "1.12.2"
  resolved "https://registry.yarnpkg.com/object-inspect/-/object-inspect-1.12.2.tgz#c0641f26394532f28ab8d796ab954e43c009a8ea"
  integrity sha512-z+cPxW0QGUp0mcqcsgQyLVRDoXFQbXOwBaqyF7VIgI4TWNQsDHrBpUQslRmIfAoYWdYzs6UlKJtB2XJpTaNSpQ==

parse-cache-control@^1.0.1:
  version "1.0.1"
  resolved "https://registry.yarnpkg.com/parse-cache-control/-/parse-cache-control-1.0.1.tgz#8eeab3e54fa56920fe16ba38f77fa21aacc2d74e"

process-nextick-args@~2.0.0:
  version "2.0.1"
  resolved "https://registry.yarnpkg.com/process-nextick-args/-/process-nextick-args-2.0.1.tgz#7820d9b16120cc55ca9ae7792680ae7dba6d7fe2"

promise@^8.0.0:
  version "8.1.0"
  resolved "https://registry.yarnpkg.com/promise/-/promise-8.1.0.tgz#697c25c3dfe7435dd79fcd58c38a135888eaf05e"
  dependencies:
    asap "~2.0.6"

qs@^6.4.0, qs@^6.7.0:
  version "6.11.0"
  resolved "https://registry.yarnpkg.com/qs/-/qs-6.11.0.tgz#fd0d963446f7a65e1367e01abd85429453f0c37a"
  integrity sha512-MvjoMCJwEarSbUYk5O+nmoSzSutSsTwF85zcHPQ9OrlFoZOYIjaqBAJIqIXjptyD5vThxGq52Xu/MaJzRkIk4Q==
  dependencies:
    side-channel "^1.0.4"

readable-stream@^2.2.2:
  version "2.3.7"
  resolved "https://registry.yarnpkg.com/readable-stream/-/readable-stream-2.3.7.tgz#1eca1cf711aef814c04f62252a36a62f6cb23b57"
  dependencies:
    core-util-is "~1.0.0"
    inherits "~2.0.3"
    isarray "~1.0.0"
    process-nextick-args "~2.0.0"
    safe-buffer "~5.1.1"
    string_decoder "~1.1.1"
    util-deprecate "~1.0.1"

rss-parser@^3.12.0:
  version "3.12.0"
  resolved "https://registry.yarnpkg.com/rss-parser/-/rss-parser-3.12.0.tgz#b8888699ea46304a74363fbd8144671b2997984c"
  integrity sha512-aqD3E8iavcCdkhVxNDIdg1nkBI17jgqF+9OqPS1orwNaOgySdpvq6B+DoONLhzjzwV8mWg37sb60e4bmLK117A==
  dependencies:
    entities "^2.0.3"
    xml2js "^0.4.19"

safe-buffer@^5.0.1:
  version "5.2.0"
  resolved "https://registry.yarnpkg.com/safe-buffer/-/safe-buffer-5.2.0.tgz#b74daec49b1148f88c64b68d49b1e815c1f2f519"

safe-buffer@~5.1.0, safe-buffer@~5.1.1:
  version "5.1.2"
  resolved "https://registry.yarnpkg.com/safe-buffer/-/safe-buffer-5.1.2.tgz#991ec69d296e0313747d59bdfd2b745c35f8828d"

sax@>=0.6.0:
  version "1.2.4"
  resolved "https://registry.yarnpkg.com/sax/-/sax-1.2.4.tgz#2816234e2378bddc4e5354fab5caa895df7100d9"

side-channel@^1.0.4:
  version "1.0.4"
  resolved "https://registry.yarnpkg.com/side-channel/-/side-channel-1.0.4.tgz#efce5c8fdc104ee751b25c58d4290011fa5ea2cf"
  integrity sha512-q5XPytqFEIKHkGdiMIrY10mvLRvnQh42/+GoBlFW3b2LXLE2xxJpZFdm94we0BaoV3RwJyGqg5wS7epxTv0Zvw==
  dependencies:
    call-bind "^1.0.0"
    get-intrinsic "^1.0.2"
    object-inspect "^1.9.0"

string_decoder@~1.1.1:
  version "1.1.1"
  resolved "https://registry.yarnpkg.com/string_decoder/-/string_decoder-1.1.1.tgz#9cf1611ba62685d7030ae9e4ba34149c3af03fc8"
  dependencies:
    safe-buffer "~5.1.0"

sync-request@^6.1.0:
  version "6.1.0"
  resolved "https://registry.yarnpkg.com/sync-request/-/sync-request-6.1.0.tgz#e96217565b5e50bbffe179868ba75532fb597e68"
  dependencies:
    http-response-object "^3.0.1"
    sync-rpc "^1.2.1"
    then-request "^6.0.0"

sync-rpc@^1.2.1:
  version "1.3.6"
  resolved "https://registry.yarnpkg.com/sync-rpc/-/sync-rpc-1.3.6.tgz#b2e8b2550a12ccbc71df8644810529deb68665a7"
  dependencies:
    get-port "^3.1.0"

then-request@^6.0.0:
  version "6.0.2"
  resolved "https://registry.yarnpkg.com/then-request/-/then-request-6.0.2.tgz#ec18dd8b5ca43aaee5cb92f7e4c1630e950d4f0c"
  dependencies:
    "@types/concat-stream" "^1.6.0"
    "@types/form-data" "0.0.33"
    "@types/node" "^8.0.0"
    "@types/qs" "^6.2.31"
    caseless "~0.12.0"
    concat-stream "^1.6.0"
    form-data "^2.2.0"
    http-basic "^8.1.1"
    http-response-object "^3.0.1"
    promise "^8.0.0"
    qs "^6.4.0"

typedarray@^0.0.6:
  version "0.0.6"
  resolved "https://registry.yarnpkg.com/typedarray/-/typedarray-0.0.6.tgz#867ac74e3864187b1d3d47d996a78ec5c8830777"

url-template@^2.0.8:
  version "2.0.8"
  resolved "https://registry.yarnpkg.com/url-template/-/url-template-2.0.8.tgz#fc565a3cccbff7730c775f5641f9555791439f21"

util-deprecate@~1.0.1:
  version "1.0.2"
  resolved "https://registry.yarnpkg.com/util-deprecate/-/util-deprecate-1.0.2.tgz#450d4dc9fa70de732762fbd2d4a28981419a0ccf"

uuid@^8.0.0:
  version "8.3.2"
  resolved "https://registry.yarnpkg.com/uuid/-/uuid-8.3.2.tgz#80d5b5ced271bb9af6c445f21a1a04c606cefbe2"
  integrity sha512-+NYs2QeMWy+GWFOEm9xnn6HCDp0l7QBD7ml8zLUmJ+93Q5NF0NocErnwkTkXVFNiX3/fpC6afS8Dhb/gz7R7eg==

xml2js@^0.4.19:
  version "0.4.23"
  resolved "https://registry.yarnpkg.com/xml2js/-/xml2js-0.4.23.tgz#a0c69516752421eb2ac758ee4d4ccf58843eac66"
  dependencies:
    sax ">=0.6.0"
    xmlbuilder "~11.0.0"

xmlbuilder@~11.0.0:
  version "11.0.1"
  resolved "https://registry.yarnpkg.com/xmlbuilder/-/xmlbuilder-11.0.1.tgz#be9bae1c8a046e76b31127726347d0ad7002beb3"

yallist@^4.0.0:
  version "4.0.0"
  resolved "https://registry.yarnpkg.com/yallist/-/yallist-4.0.0.tgz#9bb92790d9c0effec63be73519e11a35019a3a72"
  integrity sha512-3wdGidZyq5PB084XLES5TpOSRA3wjXAlIWMhum2kRcv/41Sn2emQ0dycQW4uZXLejwKvg6EsvbdlVL+FYEct7A==
